
Microsoft Visual Studio Solution File, Format Version 12.00
# Visual Studio 2013
VisualStudioVersion = 12.0.21005.1
MinimumVisualStudioVersion = 10.0.40219.1
Project("{FAE04EC0-301F-11D3-BF4B-00C04F79EFBC}") = "OnlineShoppingStore.Domain", "OnlineShoppingStore.Domain\OnlineShoppingStore.Domain.csproj", "{2E35AD6C-2EE0-44F4-B288-AD8C243F59F3}"
EndProject
Project("{FAE04EC0-301F-11D3-BF4B-00C04F79EFBC}") = "OnlineShoppingStore.WebUI", "OnlineShoppingStore.WebUI\OnlineShoppingStore.WebUI.csproj", "{C1FE29D0-5940-4424-9E47-1211A0643B19}"
EndProject
Global
	GlobalSection(SolutionConfigurationPlatforms) = preSolution
		Debug|Any CPU = Debug|Any CPU
		Release|Any CPU = Release|Any CPU
	EndGlobalSection
	GlobalSection(ProjectConfigurationPlatforms) = postSolution
		{2E35AD6C-2EE0-44F4-B288-AD8C243F59F3}.Debug|Any CPU.ActiveCfg = Debug|Any CPU
		{2E35AD6C-2EE0-44F4-B288-AD8C243F59F3}.Debug|Any CPU.Build.0 = Debug|Any CPU
		{2E35AD6C-2EE0-44F4-B288-AD8C243F59F3}.Release|Any CPU.ActiveCfg = Release|Any CPU
		{2E35AD6C-2EE0-44F4-B288-AD8C243F59F3}.Release|Any CPU.Build.0 = Release|Any CPU
		{C1FE29D0-5940-4424-9E47-1211A0643B19}.Debug|Any CPU.ActiveCfg = Debug|Any CPU
		{C1FE29D0-5940-4424-9E47-1211A0643B19}.Debug|Any CPU.Build.0 = Debug|Any CPU
		{C1FE29D0-5940-4424-9E47-1211A0643B19}.Release|Any CPU.ActiveCfg = Release|Any CPU
		{C1FE29D0-5940-4424-9E47-1211A0643B19}.Release|Any CPU.Build.0 = Release|Any CPU
	EndGlobalSection
	GlobalSection(SolutionProperties) = preSolution
		HideSolutionNode = FALSE
	EndGlobalSection
EndGlobal
